dependencies:
- name: nginx
  repository: https://charts.bitnami.com/bitnami
  version: 18.2.6
- name: mysql
  repository: https://charts.bitnami.com/bitnami
  version: 12.1.0
- name: redis
  repository: https://charts.bitnami.com/bitnami
  version: 20.3.0
- name: mongodb
  repository: https://charts.bitnami.com/bitnami
  version: 16.3.1
- name: postgresql
  repository: https://charts.bitnami.com/bitnami
  version: 16.2.3
- name: mariadb
  repository: https://charts.bitnami.com/bitnami
  version: 20.1.1
- name: memcached
  repository: https://charts.bitnami.com/bitnami
  version: 7.5.3
- name: rabbitmq
  repository: https://charts.bitnami.com/bitnami
  version: 15.1.0
- name: cassandra
  repository: https://charts.bitnami.com/bitnami
  version: 12.0.0
- name: elasticsearch
  repository: https://charts.bitnami.com/bitnami
  version: 21.0.0
- name: kibana
  repository: https://charts.bitnami.com/bitnami
  version: 11.0.0
digest: sha256:7e68cfbaf669e50badc8ccb2d7c98a43168eb17e5b392cb3b7067e8a641c4ffe
generated: "2024-12-02T09:43:43.206353737Z"
