dependencies:
- name: nginx
  repository: https://charts.bitnami.com/bitnami
  version: 18.2.6
- name: mysql
  repository: https://charts.bitnami.com/bitnami
  version: 12.1.0
- name: redis
  repository: https://charts.bitnami.com/bitnami
  version: 20.3.0
- name: mongodb
  repository: https://charts.bitnami.com/bitnami
  version: 16.0.0
- name: postgresql
  repository: https://charts.bitnami.com/bitnami
  version: 16.0.0
- name: mariadb
  repository: https://charts.bitnami.com/bitnami
  version: 20.1.0
- name: memcached
  repository: https://charts.bitnami.com/bitnami
  version: 7.5.0
- name: rabbitmq
  repository: https://charts.bitnami.com/bitnami
  version: 15.0.0
- name: cassandra
  repository: https://charts.bitnami.com/bitnami
  version: 12.0.0
- name: elasticsearch
  repository: https://charts.bitnami.com/bitnami
  version: 21.0.0
- name: kibana
  repository: https://charts.bitnami.com/bitnami
  version: 11.0.0
digest: sha256:f6b6bac77a9fc93c9825cfea581304cd65fa76c04370850d2ad573ecdc3fdcbf
generated: "2024-12-02T09:51:36.551492551Z"
