dependencies:
- name: nginx
  repository: https://charts.bitnami.com/bitnami
  version: 18.2.6
- name: mysql
  repository: https://charts.bitnami.com/bitnami
  version: 12.1.0
- name: redis
  repository: https://charts.bitnami.com/bitnami
  version: 20.0.0
- name: mongodb
  repository: https://charts.bitnami.com/bitnami
  version: 16.0.0
- name: postgresql
  repository: https://charts.bitnami.com/bitnami
  version: 16.0.0
- name: mariadb
  repository: https://charts.bitnami.com/bitnami
  version: 20.1.0
- name: memcached
  repository: https://charts.bitnami.com/bitnami
  version: 7.5.0
- name: rabbitmq
  repository: https://charts.bitnami.com/bitnami
  version: 15.0.0
- name: cassandra
  repository: https://charts.bitnami.com/bitnami
  version: 12.0.0
- name: elasticsearch
  repository: https://charts.bitnami.com/bitnami
  version: 21.0.0
- name: kibana
  repository: https://charts.bitnami.com/bitnami
  version: 11.0.0
digest: sha256:69a87c1f3f692813e48d7d44575fbeea4b27a8cb86ad948b15b9d5415fec19fb
generated: "2024-12-02T09:50:18.516460573Z"
