dependencies:
- name: nginx
  repository: https://charts.bitnami.com/bitnami
  version: 18.2.6
- name: mysql
  repository: https://charts.bitnami.com/bitnami
  version: 12.1.0
- name: redis
  repository: https://charts.bitnami.com/bitnami
  version: 20.4.0
- name: mongodb
  repository: https://charts.bitnami.com/bitnami
  version: 16.0.0
- name: postgresql
  repository: https://charts.bitnami.com/bitnami
  version: 16.0.0
- name: mariadb
  repository: https://charts.bitnami.com/bitnami
  version: 20.1.0
- name: memcached
  repository: https://charts.bitnami.com/bitnami
  version: 7.5.0
- name: rabbitmq
  repository: https://charts.bitnami.com/bitnami
  version: 15.0.0
- name: cassandra
  repository: https://charts.bitnami.com/bitnami
  version: 12.0.0
- name: elasticsearch
  repository: https://charts.bitnami.com/bitnami
  version: 21.0.0
- name: kibana
  repository: https://charts.bitnami.com/bitnami
  version: 11.0.0
digest: sha256:67f7d2e9954ce3714d30bd370fb5567a1c5398ef59850446565cc1a4aa865007
generated: "2024-12-02T12:30:24.35734386Z"
