dependencies:
- name: nginx
  repository: https://charts.bitnami.com/bitnami
  version: 18.2.6
- name: mysql
  repository: https://charts.bitnami.com/bitnami
  version: 12.1.0
- name: redis
  repository: https://charts.bitnami.com/bitnami
  version: 20.4.0
- name: mongodb
  repository: https://charts.bitnami.com/bitnami
  version: 16.3.1
- name: postgresql
  repository: https://charts.bitnami.com/bitnami
  version: 16.2.3
- name: mariadb
  repository: https://charts.bitnami.com/bitnami
  version: 20.1.1
- name: memcached
  repository: https://charts.bitnami.com/bitnami
  version: 7.5.3
- name: rabbitmq
  repository: https://charts.bitnami.com/bitnami
  version: 15.0.0
- name: cassandra
  repository: https://charts.bitnami.com/bitnami
  version: 12.0.0
- name: elasticsearch
  repository: https://charts.bitnami.com/bitnami
  version: 21.0.0
- name: kibana
  repository: https://charts.bitnami.com/bitnami
  version: 11.0.0
digest: sha256:bf5d65a38c8fffee3012f4a5d9b975ba9b3bbbee3e3f30cb7c57664407a0aa3f
generated: "2024-12-02T12:21:11.15515495Z"
