dependencies:
- name: nginx
  repository: https://charts.bitnami.com/bitnami
  version: 18.2.6
- name: mysql
  repository: https://charts.bitnami.com/bitnami
  version: 12.1.0
- name: redis
  repository: https://charts.bitnami.com/bitnami
  version: 20.3.0
- name: mongodb
  repository: https://charts.bitnami.com/bitnami
  version: 16.3.1
- name: postgresql
  repository: https://charts.bitnami.com/bitnami
  version: 16.2.3
- name: mariadb
  repository: https://charts.bitnami.com/bitnami
  version: 20.1.1
- name: memcached
  repository: https://charts.bitnami.com/bitnami
  version: 7.5.3
- name: rabbitmq
  repository: https://charts.bitnami.com/bitnami
  version: 15.1.0
- name: cassandra
  repository: https://charts.bitnami.com/bitnami
  version: 12.0.5
- name: elasticsearch
  repository: https://charts.bitnami.com/bitnami
  version: 21.3.26
- name: kibana
  repository: https://charts.bitnami.com/bitnami
  version: 11.3.2
digest: sha256:ea6c66e7cf6026ab94dbe50e517919bb305612e026e5531d318698675f92b7a3
generated: "2024-12-02T09:33:13.735174462Z"
