dependencies:
- name: nginx
  repository: https://charts.bitnami.com/bitnami
  version: 18.2.6
- name: mysql
  repository: https://charts.bitnami.com/bitnami
  version: 12.1.0
- name: redis
  repository: https://charts.bitnami.com/bitnami
  version: 20.3.0
- name: mongodb
  repository: https://charts.bitnami.com/bitnami
  version: 16.3.1
- name: postgresql
  repository: https://charts.bitnami.com/bitnami
  version: 16.0.0
- name: mariadb
  repository: https://charts.bitnami.com/bitnami
  version: 20.1.0
- name: memcached
  repository: https://charts.bitnami.com/bitnami
  version: 7.5.0
- name: rabbitmq
  repository: https://charts.bitnami.com/bitnami
  version: 15.0.0
- name: cassandra
  repository: https://charts.bitnami.com/bitnami
  version: 12.0.0
- name: elasticsearch
  repository: https://charts.bitnami.com/bitnami
  version: 21.0.0
- name: kibana
  repository: https://charts.bitnami.com/bitnami
  version: 11.0.0
digest: sha256:4b9b2b0370310e96aca3f702f577509451e0b19d203bf50d4a97d63b547ac161
generated: "2024-12-02T09:09:33.780214853Z"
